
Microsoft Visual Studio Solution File, Format Version 12.00
# Visual Studio Version 17
VisualStudioVersion = 17.5.33627.172
MinimumVisualStudioVersion = 10.0.40219.1
Project("{FAE04EC0-301F-11D3-BF4B-00C04F79EFBC}") = "FilmesAPI", "FilmesAPI\FilmesAPI.csproj", "{B4CB5877-A13C-4452-84C5-3595337C44DB}"
EndProject
Global
	GlobalSection(SolutionConfigurationPlatforms) = preSolution
		Debug|Any CPU = Debug|Any CPU
		Release|Any CPU = Release|Any CPU
	EndGlobalSection
	GlobalSection(ProjectConfigurationPlatforms) = postSolution
		{B4CB5877-A13C-4452-84C5-3595337C44DB}.Debug|Any CPU.ActiveCfg = Debug|Any CPU
		{B4CB5877-A13C-4452-84C5-3595337C44DB}.Debug|Any CPU.Build.0 = Debug|Any CPU
		{B4CB5877-A13C-4452-84C5-3595337C44DB}.Release|Any CPU.ActiveCfg = Release|Any CPU
		{B4CB5877-A13C-4452-84C5-3595337C44DB}.Release|Any CPU.Build.0 = Release|Any CPU
	EndGlobalSection
	GlobalSection(SolutionProperties) = preSolution
		HideSolutionNode = FALSE
	EndGlobalSection
	GlobalSection(ExtensibilityGlobals) = postSolution
		SolutionGuid = {5E50BEEF-B52D-453E-B9BD-17AF36730167}
	EndGlobalSection
EndGlobal
